
Microsoft Visual Studio Solution File, Format Version 12.00
# Visual Studio Version 17
VisualStudioVersion = 17.5.33627.172
MinimumVisualStudioVersion = 10.0.40219.1
Project("{FAE04EC0-301F-11D3-BF4B-00C04F79EFBC}") = "Lab8", "Lab8.csproj", "{E260B99C-A2EA-4AE9-BA8F-123981C9D12A}"
EndProject
Global
	GlobalSection(SolutionConfigurationPlatforms) = preSolution
		Debug|Any CPU = Debug|Any CPU
		Release|Any CPU = Release|Any CPU
	EndGlobalSection
	GlobalSection(ProjectConfigurationPlatforms) = postSolution
		{E260B99C-A2EA-4AE9-BA8F-123981C9D12A}.Debug|Any CPU.ActiveCfg = Debug|Any CPU
		{E260B99C-A2EA-4AE9-BA8F-123981C9D12A}.Debug|Any CPU.Build.0 = Debug|Any CPU
		{E260B99C-A2EA-4AE9-BA8F-123981C9D12A}.Release|Any CPU.ActiveCfg = Release|Any CPU
		{E260B99C-A2EA-4AE9-BA8F-123981C9D12A}.Release|Any CPU.Build.0 = Release|Any CPU
	EndGlobalSection
	GlobalSection(SolutionProperties) = preSolution
		HideSolutionNode = FALSE
	EndGlobalSection
	GlobalSection(ExtensibilityGlobals) = postSolution
		SolutionGuid = {785AE8EA-8BD7-4AC0-950F-FDA548D7F154}
	EndGlobalSection
EndGlobal
